
Microsoft Visual Studio Solution File, Format Version 12.00
# Visual Studio Version 16
VisualStudioVersion = 16.0.31702.278
MinimumVisualStudioVersion = 10.0.40219.1
Project("{FAE04EC0-301F-11D3-BF4B-00C04F79EFBC}") = "StudentGrade", "StudentGrade\StudentGrade.csproj", "{54740620-B209-48DC-8B16-814B0DCF1417}"
EndProject
Global
	GlobalSection(SolutionConfigurationPlatforms) = preSolution
		Debug|Any CPU = Debug|Any CPU
		Release|Any CPU = Release|Any CPU
	EndGlobalSection
	GlobalSection(ProjectConfigurationPlatforms) = postSolution
		{54740620-B209-48DC-8B16-814B0DCF1417}.Debug|Any CPU.ActiveCfg = Debug|Any CPU
		{54740620-B209-48DC-8B16-814B0DCF1417}.Debug|Any CPU.Build.0 = Debug|Any CPU
		{54740620-B209-48DC-8B16-814B0DCF1417}.Release|Any CPU.ActiveCfg = Release|Any CPU
		{54740620-B209-48DC-8B16-814B0DCF1417}.Release|Any CPU.Build.0 = Release|Any CPU
	EndGlobalSection
	GlobalSection(SolutionProperties) = preSolution
		HideSolutionNode = FALSE
	EndGlobalSection
	GlobalSection(ExtensibilityGlobals) = postSolution
		SolutionGuid = {C3813093-5654-4329-B31C-79B5BFD3E243}
	EndGlobalSection
EndGlobal
