
Microsoft Visual Studio Solution File, Format Version 12.00
# Visual Studio Version 16
VisualStudioVersion = 16.0.31702.278
MinimumVisualStudioVersion = 10.0.40219.1
Project("{FAE04EC0-301F-11D3-BF4B-00C04F79EFBC}") = "CelsiusToFahrenheit", "CelsiusToFahrenheit\CelsiusToFahrenheit.csproj", "{C06391D1-4A22-47E2-99EC-B3809A59492C}"
EndProject
Global
	GlobalSection(SolutionConfigurationPlatforms) = preSolution
		Debug|Any CPU = Debug|Any CPU
		Release|Any CPU = Release|Any CPU
	EndGlobalSection
	GlobalSection(ProjectConfigurationPlatforms) = postSolution
		{C06391D1-4A22-47E2-99EC-B3809A59492C}.Debug|Any CPU.ActiveCfg = Debug|Any CPU
		{C06391D1-4A22-47E2-99EC-B3809A59492C}.Debug|Any CPU.Build.0 = Debug|Any CPU
		{C06391D1-4A22-47E2-99EC-B3809A59492C}.Release|Any CPU.ActiveCfg = Release|Any CPU
		{C06391D1-4A22-47E2-99EC-B3809A59492C}.Release|Any CPU.Build.0 = Release|Any CPU
	EndGlobalSection
	GlobalSection(SolutionProperties) = preSolution
		HideSolutionNode = FALSE
	EndGlobalSection
	GlobalSection(ExtensibilityGlobals) = postSolution
		SolutionGuid = {4335B94B-372F-487F-B58C-DCBA4A139D81}
	EndGlobalSection
EndGlobal
