
Microsoft Visual Studio Solution File, Format Version 12.00
# Visual Studio Version 16
VisualStudioVersion = 16.0.31702.278
MinimumVisualStudioVersion = 10.0.40219.1
Project("{FAE04EC0-301F-11D3-BF4B-00C04F79EFBC}") = "AreaOfACircle", "AreaOfACircle\AreaOfACircle.csproj", "{7844B21E-F4E1-490F-9BBA-D9DE466C925F}"
EndProject
Global
	GlobalSection(SolutionConfigurationPlatforms) = preSolution
		Debug|Any CPU = Debug|Any CPU
		Release|Any CPU = Release|Any CPU
	EndGlobalSection
	GlobalSection(ProjectConfigurationPlatforms) = postSolution
		{7844B21E-F4E1-490F-9BBA-D9DE466C925F}.Debug|Any CPU.ActiveCfg = Debug|Any CPU
		{7844B21E-F4E1-490F-9BBA-D9DE466C925F}.Debug|Any CPU.Build.0 = Debug|Any CPU
		{7844B21E-F4E1-490F-9BBA-D9DE466C925F}.Release|Any CPU.ActiveCfg = Release|Any CPU
		{7844B21E-F4E1-490F-9BBA-D9DE466C925F}.Release|Any CPU.Build.0 = Release|Any CPU
	EndGlobalSection
	GlobalSection(SolutionProperties) = preSolution
		HideSolutionNode = FALSE
	EndGlobalSection
	GlobalSection(ExtensibilityGlobals) = postSolution
		SolutionGuid = {4648B673-9C9A-4167-B54D-8DFF0A8512D0}
	EndGlobalSection
EndGlobal
