
Microsoft Visual Studio Solution File, Format Version 12.00
# Visual Studio Version 16
VisualStudioVersion = 16.0.31702.278
MinimumVisualStudioVersion = 10.0.40219.1
Project("{FAE04EC0-301F-11D3-BF4B-00C04F79EFBC}") = "ThreeQuizzesAverage", "ThreeQuizzesAverage\ThreeQuizzesAverage.csproj", "{8A6318D9-76C7-41AF-8A98-9FDE4EDB244B}"
EndProject
Global
	GlobalSection(SolutionConfigurationPlatforms) = preSolution
		Debug|Any CPU = Debug|Any CPU
		Release|Any CPU = Release|Any CPU
	EndGlobalSection
	GlobalSection(ProjectConfigurationPlatforms) = postSolution
		{8A6318D9-76C7-41AF-8A98-9FDE4EDB244B}.Debug|Any CPU.ActiveCfg = Debug|Any CPU
		{8A6318D9-76C7-41AF-8A98-9FDE4EDB244B}.Debug|Any CPU.Build.0 = Debug|Any CPU
		{8A6318D9-76C7-41AF-8A98-9FDE4EDB244B}.Release|Any CPU.ActiveCfg = Release|Any CPU
		{8A6318D9-76C7-41AF-8A98-9FDE4EDB244B}.Release|Any CPU.Build.0 = Release|Any CPU
	EndGlobalSection
	GlobalSection(SolutionProperties) = preSolution
		HideSolutionNode = FALSE
	EndGlobalSection
	GlobalSection(ExtensibilityGlobals) = postSolution
		SolutionGuid = {3DB3D7F0-8A04-41DE-B76C-C06BB480209F}
	EndGlobalSection
EndGlobal
